
Microsoft Visual Studio Solution File, Format Version 12.00
# Visual Studio Version 17
VisualStudioVersion = 17.0.31912.275
MinimumVisualStudioVersion = 10.0.40219.1
Project("{2150E333-8FDC-42A3-9474-1A3956D46DE8}") = "Data", "Data", "{CCFB3D0C-C540-412D-9BA6-F3061ADEDF18}"
EndProject
Project("{2150E333-8FDC-42A3-9474-1A3956D46DE8}") = "Domain", "Domain", "{89B4A152-E535-4DEF-8940-D405D20E980F}"
EndProject
Project("{2150E333-8FDC-42A3-9474-1A3956D46DE8}") = "Services", "Services", "{15920699-A856-4F04-AB11-E8AC96FADD1B}"
EndProject
Project("{2150E333-8FDC-42A3-9474-1A3956D46DE8}") = "Presentation", "Presentation", "{B0EF1461-974D-417E-B9F8-3272F12ABD52}"
EndProject
Project("{FAE04EC0-301F-11D3-BF4B-00C04F79EFBC}") = "4TEForum.Web", "4TEForum.Web\4TEForum.Web.csproj", "{20DFFDFD-18A6-4926-8F74-6CDEA6F684EB}"
EndProject
Project("{FAE04EC0-301F-11D3-BF4B-00C04F79EFBC}") = "4TEForum.Data", "4TEForum.Data\4TEForum.Data.csproj", "{6106F5E5-EA35-421C-B205-E1AB0CD81AA9}"
EndProject
Project("{FAE04EC0-301F-11D3-BF4B-00C04F79EFBC}") = "4TEForum.Domain", "4TEForum.Domain\4TEForum.Domain.csproj", "{E5FD52F8-8570-4184-928C-0859795A1C50}"
EndProject
Project("{FAE04EC0-301F-11D3-BF4B-00C04F79EFBC}") = "4TEForum.Services", "4TEForum.Services\4TEForum.Services.csproj", "{88FC8BA1-2D5D-427C-834E-41E6BD79F75F}"
EndProject
Global
	GlobalSection(SolutionConfigurationPlatforms) = preSolution
		Debug|Any CPU = Debug|Any CPU
		Release|Any CPU = Release|Any CPU
	EndGlobalSection
	GlobalSection(ProjectConfigurationPlatforms) = postSolution
		{20DFFDFD-18A6-4926-8F74-6CDEA6F684EB}.Debug|Any CPU.ActiveCfg = Debug|Any CPU
		{20DFFDFD-18A6-4926-8F74-6CDEA6F684EB}.Debug|Any CPU.Build.0 = Debug|Any CPU
		{20DFFDFD-18A6-4926-8F74-6CDEA6F684EB}.Release|Any CPU.ActiveCfg = Release|Any CPU
		{20DFFDFD-18A6-4926-8F74-6CDEA6F684EB}.Release|Any CPU.Build.0 = Release|Any CPU
		{6106F5E5-EA35-421C-B205-E1AB0CD81AA9}.Debug|Any CPU.ActiveCfg = Debug|Any CPU
		{6106F5E5-EA35-421C-B205-E1AB0CD81AA9}.Debug|Any CPU.Build.0 = Debug|Any CPU
		{6106F5E5-EA35-421C-B205-E1AB0CD81AA9}.Release|Any CPU.ActiveCfg = Release|Any CPU
		{6106F5E5-EA35-421C-B205-E1AB0CD81AA9}.Release|Any CPU.Build.0 = Release|Any CPU
		{E5FD52F8-8570-4184-928C-0859795A1C50}.Debug|Any CPU.ActiveCfg = Debug|Any CPU
		{E5FD52F8-8570-4184-928C-0859795A1C50}.Debug|Any CPU.Build.0 = Debug|Any CPU
		{E5FD52F8-8570-4184-928C-0859795A1C50}.Release|Any CPU.ActiveCfg = Release|Any CPU
		{E5FD52F8-8570-4184-928C-0859795A1C50}.Release|Any CPU.Build.0 = Release|Any CPU
		{88FC8BA1-2D5D-427C-834E-41E6BD79F75F}.Debug|Any CPU.ActiveCfg = Debug|Any CPU
		{88FC8BA1-2D5D-427C-834E-41E6BD79F75F}.Debug|Any CPU.Build.0 = Debug|Any CPU
		{88FC8BA1-2D5D-427C-834E-41E6BD79F75F}.Release|Any CPU.ActiveCfg = Release|Any CPU
		{88FC8BA1-2D5D-427C-834E-41E6BD79F75F}.Release|Any CPU.Build.0 = Release|Any CPU
	EndGlobalSection
	GlobalSection(SolutionProperties) = preSolution
		HideSolutionNode = FALSE
	EndGlobalSection
	GlobalSection(NestedProjects) = preSolution
		{20DFFDFD-18A6-4926-8F74-6CDEA6F684EB} = {B0EF1461-974D-417E-B9F8-3272F12ABD52}
		{6106F5E5-EA35-421C-B205-E1AB0CD81AA9} = {CCFB3D0C-C540-412D-9BA6-F3061ADEDF18}
		{E5FD52F8-8570-4184-928C-0859795A1C50} = {89B4A152-E535-4DEF-8940-D405D20E980F}
		{88FC8BA1-2D5D-427C-834E-41E6BD79F75F} = {15920699-A856-4F04-AB11-E8AC96FADD1B}
	EndGlobalSection
	GlobalSection(ExtensibilityGlobals) = postSolution
		SolutionGuid = {43DE3A92-9BDA-4D24-977E-FE7E2C05D278}
	EndGlobalSection
EndGlobal
